
Microsoft Visual Studio Solution File, Format Version 12.00
# Visual Studio 14
VisualStudioVersion = 14.0.25420.1
MinimumVisualStudioVersion = 10.0.40219.1
Project("{FAE04EC0-301F-11D3-BF4B-00C04F79EFBC}") = "1_Thread1", "Thread1\1_Thread1.csproj", "{2B064636-CA2B-48E4-8C28-F136E82E6DA6}"
EndProject
Project("{FAE04EC0-301F-11D3-BF4B-00C04F79EFBC}") = "1_Thread1_2", "Thread1_2\1_Thread1_2.csproj", "{290A1500-2457-4238-8620-AAE009A93905}"
EndProject
Project("{FAE04EC0-301F-11D3-BF4B-00C04F79EFBC}") = "1_Thread1_3", "Thread1_3\1_Thread1_3.csproj", "{C50011D3-5778-40DF-B6E7-B477982410D9}"
EndProject
Project("{FAE04EC0-301F-11D3-BF4B-00C04F79EFBC}") = "2_Thread2", "2_Thread2\2_Thread2.csproj", "{0FFD6CF2-42CB-48A4-AF9D-019E6EBB08FD}"
EndProject
Project("{FAE04EC0-301F-11D3-BF4B-00C04F79EFBC}") = "2_Thread2_2", "2_Thread2_1\2_Thread2_2.csproj", "{625D786C-A0A8-45C8-929D-02288265342F}"
EndProject
Global
	GlobalSection(SolutionConfigurationPlatforms) = preSolution
		Debug|Any CPU = Debug|Any CPU
		Release|Any CPU = Release|Any CPU
	EndGlobalSection
	GlobalSection(ProjectConfigurationPlatforms) = postSolution
		{2B064636-CA2B-48E4-8C28-F136E82E6DA6}.Debug|Any CPU.ActiveCfg = Debug|Any CPU
		{2B064636-CA2B-48E4-8C28-F136E82E6DA6}.Debug|Any CPU.Build.0 = Debug|Any CPU
		{2B064636-CA2B-48E4-8C28-F136E82E6DA6}.Release|Any CPU.ActiveCfg = Release|Any CPU
		{2B064636-CA2B-48E4-8C28-F136E82E6DA6}.Release|Any CPU.Build.0 = Release|Any CPU
		{290A1500-2457-4238-8620-AAE009A93905}.Debug|Any CPU.ActiveCfg = Debug|Any CPU
		{290A1500-2457-4238-8620-AAE009A93905}.Debug|Any CPU.Build.0 = Debug|Any CPU
		{290A1500-2457-4238-8620-AAE009A93905}.Release|Any CPU.ActiveCfg = Release|Any CPU
		{290A1500-2457-4238-8620-AAE009A93905}.Release|Any CPU.Build.0 = Release|Any CPU
		{C50011D3-5778-40DF-B6E7-B477982410D9}.Debug|Any CPU.ActiveCfg = Debug|Any CPU
		{C50011D3-5778-40DF-B6E7-B477982410D9}.Debug|Any CPU.Build.0 = Debug|Any CPU
		{C50011D3-5778-40DF-B6E7-B477982410D9}.Release|Any CPU.ActiveCfg = Release|Any CPU
		{C50011D3-5778-40DF-B6E7-B477982410D9}.Release|Any CPU.Build.0 = Release|Any CPU
		{0FFD6CF2-42CB-48A4-AF9D-019E6EBB08FD}.Debug|Any CPU.ActiveCfg = Debug|Any CPU
		{0FFD6CF2-42CB-48A4-AF9D-019E6EBB08FD}.Debug|Any CPU.Build.0 = Debug|Any CPU
		{0FFD6CF2-42CB-48A4-AF9D-019E6EBB08FD}.Release|Any CPU.ActiveCfg = Release|Any CPU
		{0FFD6CF2-42CB-48A4-AF9D-019E6EBB08FD}.Release|Any CPU.Build.0 = Release|Any CPU
		{625D786C-A0A8-45C8-929D-02288265342F}.Debug|Any CPU.ActiveCfg = Debug|Any CPU
		{625D786C-A0A8-45C8-929D-02288265342F}.Debug|Any CPU.Build.0 = Debug|Any CPU
		{625D786C-A0A8-45C8-929D-02288265342F}.Release|Any CPU.ActiveCfg = Release|Any CPU
		{625D786C-A0A8-45C8-929D-02288265342F}.Release|Any CPU.Build.0 = Release|Any CPU
	EndGlobalSection
	GlobalSection(SolutionProperties) = preSolution
		HideSolutionNode = FALSE
	EndGlobalSection
EndGlobal
